
Microsoft Visual Studio Solution File, Format Version 12.00
# Visual Studio Version 17
VisualStudioVersion = 17.7.34031.279
MinimumVisualStudioVersion = 10.0.40219.1
Project("{9A19103F-16F7-4668-BE54-9A1E7A4F7556}") = "MoneySense", "MoneySense.csproj", "{67F45429-882E-4B98-975E-91EFD19BF4DE}"
EndProject
Global
	GlobalSection(SolutionConfigurationPlatforms) = preSolution
		Debug|Any CPU = Debug|Any CPU
		Release|Any CPU = Release|Any CPU
	EndGlobalSection
	GlobalSection(ProjectConfigurationPlatforms) = postSolution
		{67F45429-882E-4B98-975E-91EFD19BF4DE}.Debug|Any CPU.ActiveCfg = Debug|Any CPU
		{67F45429-882E-4B98-975E-91EFD19BF4DE}.Debug|Any CPU.Build.0 = Debug|Any CPU
		{67F45429-882E-4B98-975E-91EFD19BF4DE}.Release|Any CPU.ActiveCfg = Release|Any CPU
		{67F45429-882E-4B98-975E-91EFD19BF4DE}.Release|Any CPU.Build.0 = Release|Any CPU
	EndGlobalSection
	GlobalSection(SolutionProperties) = preSolution
		HideSolutionNode = FALSE
	EndGlobalSection
	GlobalSection(ExtensibilityGlobals) = postSolution
		SolutionGuid = {5866D16C-EAD0-46D9-946D-FE783FB5C62B}
	EndGlobalSection
EndGlobal
